// !$*UTF8*$!
{
	archiveVersion = 1;
	classes = {
	};
	objectVersion = 50;
	objects = {

/* Begin PBXBuildFile section */
		4E43983A2271323700070A6A /* AppDelegate.swift in Sources */ = {isa = PBXBuildFile; fileRef = 4E4398392271323700070A6A /* AppDelegate.swift */; };
		4E43983C2271323700070A6A /* ViewController.swift in Sources */ = {isa = PBXBuildFile; fileRef = 4E43983B2271323700070A6A /* ViewController.swift */; };
		4E43983F2271323700070A6A /* Main.storyboard in Resources */ = {isa = PBXBuildFile; fileRef = 4E43983D2271323700070A6A /* Main.storyboard */; };
		4E4398412271326500070A6A /* Assets.xcassets in Resources */ = {isa = PBXBuildFile; fileRef = 4E4398402271326500070A6A /* Assets.xcassets */; };
		4E4398442271326500070A6A /* LaunchScreen.storyboard in Resources */ = {isa = PBXBuildFile; fileRef = 4E4398422271326500070A6A /* LaunchScreen.storyboard */; };
		4E43984F2271326500070A6A /* Cat_CallerTests.swift in Sources */ = {isa = PBXBuildFile; fileRef = 4E43984E2271326500070A6A /* Cat_CallerTests.swift */; };
		4E43985A2271326500070A6A /* Cat_CallerUITests.swift in Sources */ = {isa = PBXBuildFile; fileRef = 4E4398592271326500070A6A /* Cat_CallerUITests.swift */; };
		4E7E753E227244A80059B48E /* LoginViewController.swift in Sources */ = {isa = PBXBuildFile; fileRef = 4E7E753D227244A80059B48E /* LoginViewController.swift */; };
		4E7E75402272A7440059B48E /* UpdateViewController.swift in Sources */ = {isa = PBXBuildFile; fileRef = 4E7E753F2272A7420059B48E /* UpdateViewController.swift */; };
		4E7E75422273B9260059B48E /* MatchesViewController.swift in Sources */ = {isa = PBXBuildFile; fileRef = 4E7E75412273B9250059B48E /* MatchesViewController.swift */; };
		4EEC1EFE2273C7A700FFEB98 /* MatchTableViewCell.swift in Sources */ = {isa = PBXBuildFile; fileRef = 4EEC1EFD2273C7A700FFEB98 /* MatchTableViewCell.swift */; };
		879625CAB728D0940D45B0A1 /* Pods_Cat_CallerTests.framework in Frameworks */ = {isa = PBXBuildFile; fileRef = 5C98F043FA83381E9E75155D /* Pods_Cat_CallerTests.framework */; };
		B02DC8B813AE511932DDF268 /* Pods_Cat_Caller.framework in Frameworks */ = {isa = PBXBuildFile; fileRef = 1500C00F7C96F4560DFB4007 /* Pods_Cat_Caller.framework */; };
		B1C0A8A4DB0490A29F77D5D1 /* Pods_Cat_CallerUITests.framework in Frameworks */ = {isa = PBXBuildFile; fileRef = D264ECBAF7726887EE046C00 /* Pods_Cat_CallerUITests.framework */; };
/* End PBXBuildFile section */

/* Begin PBXContainerItemProxy section */
		4E43984B2271326500070A6A /* PBXContainerItemProxy */ = {
			isa = PBXContainerItemProxy;
			containerPortal = 4E43982E2271323700070A6A /* Project object */;
			proxyType = 1;
			remoteGlobalIDString = 4E4398352271323700070A6A;
			remoteInfo = "Cat Caller";
		};
		4E4398562271326500070A6A /* PBXContainerItemProxy */ = {
			isa = PBXContainerItemProxy;
			containerPortal = 4E43982E2271323700070A6A /* Project object */;
			proxyType = 1;
			remoteGlobalIDString = 4E4398352271323700070A6A;
			remoteInfo = "Cat Caller";
		};
/* End PBXContainerItemProxy section */

/* Begin PBXFileReference section */
		1500C00F7C96F4560DFB4007 /* Pods_Cat_Caller.framework */ = {isa = PBXFileReference; explicitFileType = wrapper.framework; includeInIndex = 0; path = Pods_Cat_Caller.framework; sourceTree = BUILT_PRODUCTS_DIR; };
		4E4398362271323700070A6A /* Cat Caller.app */ = {isa = PBXFileReference; explicitFileType = wrapper.application; includeInIndex = 0; path = "Cat Caller.app"; sourceTree = BUILT_PRODUCTS_DIR; };
		4E4398392271323700070A6A /* AppDelegate.swift */ = {isa = PBXFileReference; lastKnownFileType = sourcecode.swift; path = AppDelegate.swift; sourceTree = "<group>"; };
		4E43983B2271323700070A6A /* ViewController.swift */ = {isa = PBXFileReference; lastKnownFileType = sourcecode.swift; path = ViewController.swift; sourceTree = "<group>"; };
		4E43983E2271323700070A6A /* Base */ = {isa = PBXFileReference; lastKnownFileType = file.storyboard; name = Base; path = Base.lproj/Main.storyboard; sourceTree = "<group>"; };
		4E4398402271326500070A6A /* Assets.xcassets */ = {isa = PBXFileReference; lastKnownFileType = folder.assetcatalog; path = Assets.xcassets; sourceTree = "<group>"; };
		4E4398432271326500070A6A /* Base */ = {isa = PBXFileReference; lastKnownFileType = file.storyboard; name = Base; path = Base.lproj/LaunchScreen.storyboard; sourceTree = "<group>"; };
		4E4398452271326500070A6A /* Info.plist */ = {isa = PBXFileReference; lastKnownFileType = text.plist.xml; path = Info.plist; sourceTree = "<group>"; };
		4E43984A2271326500070A6A /* Cat CallerTests.xctest */ = {isa = PBXFileReference; explicitFileType = wrapper.cfbundle; includeInIndex = 0; path = "Cat CallerTests.xctest"; sourceTree = BUILT_PRODUCTS_DIR; };
		4E43984E2271326500070A6A /* Cat_CallerTests.swift */ = {isa = PBXFileReference; lastKnownFileType = sourcecode.swift; path = Cat_CallerTests.swift; sourceTree = "<group>"; };
		4E4398502271326500070A6A /* Info.plist */ = {isa = PBXFileReference; lastKnownFileType = text.plist.xml; path = Info.plist; sourceTree = "<group>"; };
		4E4398552271326500070A6A /* Cat CallerUITests.xctest */ = {isa = PBXFileReference; explicitFileType = wrapper.cfbundle; includeInIndex = 0; path = "Cat CallerUITests.xctest"; sourceTree = BUILT_PRODUCTS_DIR; };
		4E4398592271326500070A6A /* Cat_CallerUITests.swift */ = {isa = PBXFileReference; lastKnownFileType = sourcecode.swift; path = Cat_CallerUITests.swift; sourceTree = "<group>"; };
		4E43985B2271326500070A6A /* Info.plist */ = {isa = PBXFileReference; lastKnownFileType = text.plist.xml; path = Info.plist; sourceTree = "<group>"; };
		4E7E753D227244A80059B48E /* LoginViewController.swift */ = {isa = PBXFileReference; lastKnownFileType = sourcecode.swift; path = LoginViewController.swift; sourceTree = "<group>"; };
		4E7E753F2272A7420059B48E /* UpdateViewController.swift */ = {isa = PBXFileReference; lastKnownFileType = sourcecode.swift; path = UpdateViewController.swift; sourceTree = "<group>"; };
		4E7E75412273B9250059B48E /* MatchesViewController.swift */ = {isa = PBXFileReference; lastKnownFileType = sourcecode.swift; path = MatchesViewController.swift; sourceTree = "<group>"; };
		4EEC1EFD2273C7A700FFEB98 /* MatchTableViewCell.swift */ = {isa = PBXFileReference; lastKnownFileType = sourcecode.swift; path = MatchTableViewCell.swift; sourceTree = "<group>"; };
		5279364ACF42BF77F39F08D9 /* Pods-Cat CallerTests.debug.xcconfig */ = {isa = PBXFileReference; includeInIndex = 1; lastKnownFileType = text.xcconfig; name = "Pods-Cat CallerTests.debug.xcconfig"; path = "Target Support Files/Pods-Cat CallerTests/Pods-Cat CallerTests.debug.xcconfig"; sourceTree = "<group>"; };
		5C98F043FA83381E9E75155D /* Pods_Cat_CallerTests.framework */ = {isa = PBXFileReference; explicitFileType = wrapper.framework; includeInIndex = 0; path = Pods_Cat_CallerTests.framework; sourceTree = BUILT_PRODUCTS_DIR; };
		60DC7A24E7F15541878CD666 /* Pods-Cat Caller.release.xcconfig */ = {isa = PBXFileReference; includeInIndex = 1; lastKnownFileType = text.xcconfig; name = "Pods-Cat Caller.release.xcconfig"; path = "Target Support Files/Pods-Cat Caller/Pods-Cat Caller.release.xcconfig"; sourceTree = "<group>"; };
		7C66D3CC44C1A73A027275DB /* Pods-Cat Caller.debug.xcconfig */ = {isa = PBXFileReference; includeInIndex = 1; lastKnownFileType = text.xcconfig; name = "Pods-Cat Caller.debug.xcconfig"; path = "Target Support Files/Pods-Cat Caller/Pods-Cat Caller.debug.xcconfig"; sourceTree = "<group>"; };
		8A3FE4162121DAC64B7B3B8E /* Pods-Cat CallerUITests.debug.xcconfig */ = {isa = PBXFileReference; includeInIndex = 1; lastKnownFileType = text.xcconfig; name = "Pods-Cat CallerUITests.debug.xcconfig"; path = "Target Support Files/Pods-Cat CallerUITests/Pods-Cat CallerUITests.debug.xcconfig"; sourceTree = "<group>"; };
		A619A0920253369143EC2CBD /* Pods-Cat CallerUITests.release.xcconfig */ = {isa = PBXFileReference; includeInIndex = 1; lastKnownFileType = text.xcconfig; name = "Pods-Cat CallerUITests.release.xcconfig"; path = "Target Support Files/Pods-Cat CallerUITests/Pods-Cat CallerUITests.release.xcconfig"; sourceTree = "<group>"; };
		D264ECBAF7726887EE046C00 /* Pods_Cat_CallerUITests.framework */ = {isa = PBXFileReference; explicitFileType = wrapper.framework; includeInIndex = 0; path = Pods_Cat_CallerUITests.framework; sourceTree = BUILT_PRODUCTS_DIR; };
		DD75B69AB6D850AD6ABEAA03 /* Pods-Cat CallerTests.release.xcconfig */ = {isa = PBXFileReference; includeInIndex = 1; lastKnownFileType = text.xcconfig; name = "Pods-Cat CallerTests.release.xcconfig"; path = "Target Support Files/Pods-Cat CallerTests/Pods-Cat CallerTests.release.xcconfig"; sourceTree = "<group>"; };
/* End PBXFileReference section */

/* Begin PBXFrameworksBuildPhase section */
		4E4398332271323700070A6A /* Frameworks */ = {
			isa = PBXFrameworksBuildPhase;
			buildActionMask = 2147483647;
			files = (
				B02DC8B813AE511932DDF268 /* Pods_Cat_Caller.framework in Frameworks */,
			);
			runOnlyForDeploymentPostprocessing = 0;
		};
		4E4398472271326500070A6A /* Frameworks */ = {
			isa = PBXFrameworksBuildPhase;
			buildActionMask = 2147483647;
			files = (
				879625CAB728D0940D45B0A1 /* Pods_Cat_CallerTests.framework in Frameworks */,
			);
			runOnlyForDeploymentPostprocessing = 0;
		};
		4E4398522271326500070A6A /* Frameworks */ = {
			isa = PBXFrameworksBuildPhase;
			buildActionMask = 2147483647;
			files = (
				B1C0A8A4DB0490A29F77D5D1 /* Pods_Cat_CallerUITests.framework in Frameworks */,
			);
			runOnlyForDeploymentPostprocessing = 0;
		};
/* End PBXFrameworksBuildPhase section */

/* Begin PBXGroup section */
		048ACFDC03F55869AA923D74 /* Pods */ = {
			isa = PBXGroup;
			children = (
				7C66D3CC44C1A73A027275DB /* Pods-Cat Caller.debug.xcconfig */,
				60DC7A24E7F15541878CD666 /* Pods-Cat Caller.release.xcconfig */,
				5279364ACF42BF77F39F08D9 /* Pods-Cat CallerTests.debug.xcconfig */,
				DD75B69AB6D850AD6ABEAA03 /* Pods-Cat CallerTests.release.xcconfig */,
				8A3FE4162121DAC64B7B3B8E /* Pods-Cat CallerUITests.debug.xcconfig */,
				A619A0920253369143EC2CBD /* Pods-Cat CallerUITests.release.xcconfig */,
			);
			path = Pods;
			sourceTree = "<group>";
		};
		4E43982D2271323700070A6A = {
			isa = PBXGroup;
			children = (
				4E4398382271323700070A6A /* Cat Caller */,
				4E43984D2271326500070A6A /* Cat CallerTests */,
				4E4398582271326500070A6A /* Cat CallerUITests */,
				4E4398372271323700070A6A /* Products */,
				048ACFDC03F55869AA923D74 /* Pods */,
				E20072DD6A53E9FC6C4F6605 /* Frameworks */,
			);
			sourceTree = "<group>";
		};
		4E4398372271323700070A6A /* Products */ = {
			isa = PBXGroup;
			children = (
				4E4398362271323700070A6A /* Cat Caller.app */,
				4E43984A2271326500070A6A /* Cat CallerTests.xctest */,
				4E4398552271326500070A6A /* Cat CallerUITests.xctest */,
			);
			name = Products;
			sourceTree = "<group>";
		};
		4E4398382271323700070A6A /* Cat Caller */ = {
			isa = PBXGroup;
			children = (
				4E7E753D227244A80059B48E /* LoginViewController.swift */,
				4E4398392271323700070A6A /* AppDelegate.swift */,
				4E43983B2271323700070A6A /* ViewController.swift */,
				4E43983D2271323700070A6A /* Main.storyboard */,
				4EEC1EFD2273C7A700FFEB98 /* MatchTableViewCell.swift */,
				4E7E75412273B9250059B48E /* MatchesViewController.swift */,
				4E7E753F2272A7420059B48E /* UpdateViewController.swift */,
				4E4398402271326500070A6A /* Assets.xcassets */,
				4E4398422271326500070A6A /* LaunchScreen.storyboard */,
				4E4398452271326500070A6A /* Info.plist */,
			);
			path = "Cat Caller";
			sourceTree = "<group>";
		};
		4E43984D2271326500070A6A /* Cat CallerTests */ = {
			isa = PBXGroup;
			children = (
				4E43984E2271326500070A6A /* Cat_CallerTests.swift */,
				4E4398502271326500070A6A /* Info.plist */,
			);
			path = "Cat CallerTests";
			sourceTree = "<group>";
		};
		4E4398582271326500070A6A /* Cat CallerUITests */ = {
			isa = PBXGroup;
			children = (
				4E4398592271326500070A6A /* Cat_CallerUITests.swift */,
				4E43985B2271326500070A6A /* Info.plist */,
			);
			path = "Cat CallerUITests";
			sourceTree = "<group>";
		};
		E20072DD6A53E9FC6C4F6605 /* Frameworks */ = {
			isa = PBXGroup;
			children = (
				1500C00F7C96F4560DFB4007 /* Pods_Cat_Caller.framework */,
				5C98F043FA83381E9E75155D /* Pods_Cat_CallerTests.framework */,
				D264ECBAF7726887EE046C00 /* Pods_Cat_CallerUITests.framework */,
			);
			name = Frameworks;
			sourceTree = "<group>";
		};
/* End PBXGroup section */

/* Begin PBXNativeTarget section */
		4E4398352271323700070A6A /* Cat Caller */ = {
			isa = PBXNativeTarget;
			buildConfigurationList = 4E43985E2271326600070A6A /* Build configuration list for PBXNativeTarget "Cat Caller" */;
			buildPhases = (
				B552D76DCFF34791AB192207 /* [CP] Check Pods Manifest.lock */,
				4E4398322271323700070A6A /* Sources */,
				4E4398332271323700070A6A /* Frameworks */,
				4E4398342271323700070A6A /* Resources */,
				05B9C509A07B1D66990F6DE4 /* [CP] Embed Pods Frameworks */,
			);
			buildRules = (
			);
			dependencies = (
			);
			name = "Cat Caller";
			productName = "Cat Caller";
			productReference = 4E4398362271323700070A6A /* Cat Caller.app */;
			productType = "com.apple.product-type.application";
		};
		4E4398492271326500070A6A /* Cat CallerTests */ = {
			isa = PBXNativeTarget;
			buildConfigurationList = 4E4398612271326600070A6A /* Build configuration list for PBXNativeTarget "Cat CallerTests" */;
			buildPhases = (
				CDDFE513056C38ACDB6FE7A4 /* [CP] Check Pods Manifest.lock */,
				4E4398462271326500070A6A /* Sources */,
				4E4398472271326500070A6A /* Frameworks */,
				4E4398482271326500070A6A /* Resources */,
			);
			buildRules = (
			);
			dependencies = (
				4E43984C2271326500070A6A /* PBXTargetDependency */,
			);
			name = "Cat CallerTests";
			productName = "Cat CallerTests";
			productReference = 4E43984A2271326500070A6A /* Cat CallerTests.xctest */;
			productType = "com.apple.product-type.bundle.unit-test";
		};
		4E4398542271326500070A6A /* Cat CallerUITests */ = {
			isa = PBXNativeTarget;
			buildConfigurationList = 4E4398642271326600070A6A /* Build configuration list for PBXNativeTarget "Cat CallerUITests" */;
			buildPhases = (
				E113F98C04AAF28502A838F8 /* [CP] Check Pods Manifest.lock */,
				4E4398512271326500070A6A /* Sources */,
				4E4398522271326500070A6A /* Frameworks */,
				4E4398532271326500070A6A /* Resources */,
			);
			buildRules = (
			);
			dependencies = (
				4E4398572271326500070A6A /* PBXTargetDependency */,
			);
			name = "Cat CallerUITests";
			productName = "Cat CallerUITests";
			productReference = 4E4398552271326500070A6A /* Cat CallerUITests.xctest */;
			productType = "com.apple.product-type.bundle.ui-testing";
		};
/* End PBXNativeTarget section */

/* Begin PBXProject section */
		4E43982E2271323700070A6A /* Project object */ = {
			isa = PBXProject;
			attributes = {
				LastSwiftUpdateCheck = 1000;
				LastUpgradeCheck = 1000;
				ORGANIZATIONNAME = "David Rafanan";
				TargetAttributes = {
					4E4398352271323700070A6A = {
						CreatedOnToolsVersion = 10.0;
					};
					4E4398492271326500070A6A = {
						CreatedOnToolsVersion = 10.0;
						TestTargetID = 4E4398352271323700070A6A;
					};
					4E4398542271326500070A6A = {
						CreatedOnToolsVersion = 10.0;
						TestTargetID = 4E4398352271323700070A6A;
					};
				};
			};
			buildConfigurationList = 4E4398312271323700070A6A /* Build configuration list for PBXProject "Cat Caller" */;
			compatibilityVersion = "Xcode 9.3";
			developmentRegion = en;
			hasScannedForEncodings = 0;
			knownRegions = (
				en,
				Base,
			);
			mainGroup = 4E43982D2271323700070A6A;
			productRefGroup = 4E4398372271323700070A6A /* Products */;
			projectDirPath = "";
			projectRoot = "";
			targets = (
				4E4398352271323700070A6A /* Cat Caller */,
				4E4398492271326500070A6A /* Cat CallerTests */,
				4E4398542271326500070A6A /* Cat CallerUITests */,
			);
		};
/* End PBXProject section */

/* Begin PBXResourcesBuildPhase section */
		4E4398342271323700070A6A /* Resources */ = {
			isa = PBXResourcesBuildPhase;
			buildActionMask = 2147483647;
			files = (
				4E4398442271326500070A6A /* LaunchScreen.storyboard in Resources */,
				4E4398412271326500070A6A /* Assets.xcassets in Resources */,
				4E43983F2271323700070A6A /* Main.storyboard in Resources */,
			);
			runOnlyForDeploymentPostprocessing = 0;
		};
		4E4398482271326500070A6A /* Resources */ = {
			isa = PBXResourcesBuildPhase;
			buildActionMask = 2147483647;
			files = (
			);
			runOnlyForDeploymentPostprocessing = 0;
		};
		4E4398532271326500070A6A /* Resources */ = {
			isa = PBXResourcesBuildPhase;
			buildActionMask = 2147483647;
			files = (
			);
			runOnlyForDeploymentPostprocessing = 0;
		};
/* End PBXResourcesBuildPhase section */

/* Begin PBXShellScriptBuildPhase section */
		05B9C509A07B1D66990F6DE4 /* [CP] Embed Pods Frameworks */ = {
			isa = PBXShellScriptBuildPhase;
			buildActionMask = 2147483647;
			files = (
			);
			inputFileListPaths = (
			);
			inputPaths = (
				"${PODS_ROOT}/Target Support Files/Pods-Cat Caller/Pods-Cat Caller-frameworks.sh",
				"${BUILT_PRODUCTS_DIR}/Bolts/Bolts.framework",
				"${BUILT_PRODUCTS_DIR}/Parse/Parse.framework",
			);
			name = "[CP] Embed Pods Frameworks";
			outputFileListPaths = (
			);
			outputPaths = (
				"${TARGET_BUILD_DIR}/${FRAMEWORKS_FOLDER_PATH}/Bolts.framework",
				"${TARGET_BUILD_DIR}/${FRAMEWORKS_FOLDER_PATH}/Parse.framework",
			);
			runOnlyForDeploymentPostprocessing = 0;
			shellPath = /bin/sh;
			shellScript = "\"${PODS_ROOT}/Target Support Files/Pods-Cat Caller/Pods-Cat Caller-frameworks.sh\"\n";
			showEnvVarsInLog = 0;
		};
		B552D76DCFF34791AB192207 /* [CP] Check Pods Manifest.lock */ = {
			isa = PBXShellScriptBuildPhase;
			buildActionMask = 2147483647;
			files = (
			);
			inputFileListPaths = (
			);
			inputPaths = (
				"${PODS_PODFILE_DIR_PATH}/Podfile.lock",
				"${PODS_ROOT}/Manifest.lock",
			);
			name = "[CP] Check Pods Manifest.lock";
			outputFileListPaths = (
			);
			outputPaths = (
				"$(DERIVED_FILE_DIR)/Pods-Cat Caller-checkManifestLockResult.txt",
			);
			runOnlyForDeploymentPostprocessing = 0;
			shellPath = /bin/sh;
			shellScript = "diff \"${PODS_PODFILE_DIR_PATH}/Podfile.lock\" \"${PODS_ROOT}/Manifest.lock\" > /dev/null\nif [ $? != 0 ] ; then\n    # print error to STDERR\n    echo \"error: The sandbox is not in sync with the Podfile.lock. Run 'pod install' or update your CocoaPods installation.\" >&2\n    exit 1\nfi\n# This output is used by Xcode 'outputs' to avoid re-running this script phase.\necho \"SUCCESS\" > \"${SCRIPT_OUTPUT_FILE_0}\"\n";
			showEnvVarsInLog = 0;
		};
		CDDFE513056C38ACDB6FE7A4 /* [CP] Check Pods Manifest.lock */ = {
			isa = PBXShellScriptBuildPhase;
			buildActionMask = 2147483647;
			files = (
			);
			inputFileListPaths = (
			);
			inputPaths = (
				"${PODS_PODFILE_DIR_PATH}/Podfile.lock",
				"${PODS_ROOT}/Manifest.lock",
			);
			name = "[CP] Check Pods Manifest.lock";
			outputFileListPaths = (
			);
			outputPaths = (
				"$(DERIVED_FILE_DIR)/Pods-Cat CallerTests-checkManifestLockResult.txt",
			);
			runOnlyForDeploymentPostprocessing = 0;
			shellPath = /bin/sh;
			shellScript = "diff \"${PODS_PODFILE_DIR_PATH}/Podfile.lock\" \"${PODS_ROOT}/Manifest.lock\" > /dev/null\nif [ $? != 0 ] ; then\n    # print error to STDERR\n    echo \"error: The sandbox is not in sync with the Podfile.lock. Run 'pod install' or update your CocoaPods installation.\" >&2\n    exit 1\nfi\n# This output is used by Xcode 'outputs' to avoid re-running this script phase.\necho \"SUCCESS\" > \"${SCRIPT_OUTPUT_FILE_0}\"\n";
			showEnvVarsInLog = 0;
		};
		E113F98C04AAF28502A838F8 /* [CP] Check Pods Manifest.lock */ = {
			isa = PBXShellScriptBuildPhase;
			buildActionMask = 2147483647;
			files = (
			);
			inputFileListPaths = (
			);
			inputPaths = (
				"${PODS_PODFILE_DIR_PATH}/Podfile.lock",
				"${PODS_ROOT}/Manifest.lock",
			);
			name = "[CP] Check Pods Manifest.lock";
			outputFileListPaths = (
			);
			outputPaths = (
				"$(DERIVED_FILE_DIR)/Pods-Cat CallerUITests-checkManifestLockResult.txt",
			);
			runOnlyForDeploymentPostprocessing = 0;
			shellPath = /bin/sh;
			shellScript = "diff \"${PODS_PODFILE_DIR_PATH}/Podfile.lock\" \"${PODS_ROOT}/Manifest.lock\" > /dev/null\nif [ $? != 0 ] ; then\n    # print error to STDERR\n    echo \"error: The sandbox is not in sync with the Podfile.lock. Run 'pod install' or update your CocoaPods installation.\" >&2\n    exit 1\nfi\n# This output is used by Xcode 'outputs' to avoid re-running this script phase.\necho \"SUCCESS\" > \"${SCRIPT_OUTPUT_FILE_0}\"\n";
			showEnvVarsInLog = 0;
		};
/* End PBXShellScriptBuildPhase section */

/* Begin PBXSourcesBuildPhase section */
		4E4398322271323700070A6A /* Sources */ = {
			isa = PBXSourcesBuildPhase;
			buildActionMask = 2147483647;
			files = (
				4E7E753E227244A80059B48E /* LoginViewController.swift in Sources */,
				4EEC1EFE2273C7A700FFEB98 /* MatchTableViewCell.swift in Sources */,
				4E43983C2271323700070A6A /* ViewController.swift in Sources */,
				4E7E75422273B9260059B48E /* MatchesViewController.swift in Sources */,
				4E43983A2271323700070A6A /* AppDelegate.swift in Sources */,
				4E7E75402272A7440059B48E /* UpdateViewController.swift in Sources */,
			);
			runOnlyForDeploymentPostprocessing = 0;
		};
		4E4398462271326500070A6A /* Sources */ = {
			isa = PBXSourcesBuildPhase;
			buildActionMask = 2147483647;
			files = (
				4E43984F2271326500070A6A /* Cat_CallerTests.swift in Sources */,
			);
			runOnlyForDeploymentPostprocessing = 0;
		};
		4E4398512271326500070A6A /* Sources */ = {
			isa = PBXSourcesBuildPhase;
			buildActionMask = 2147483647;
			files = (
				4E43985A2271326500070A6A /* Cat_CallerUITests.swift in Sources */,
			);
			runOnlyForDeploymentPostprocessing = 0;
		};
/* End PBXSourcesBuildPhase section */

/* Begin PBXTargetDependency section */
		4E43984C2271326500070A6A /* PBXTargetDependency */ = {
			isa = PBXTargetDependency;
			target = 4E4398352271323700070A6A /* Cat Caller */;
			targetProxy = 4E43984B2271326500070A6A /* PBXContainerItemProxy */;
		};
		4E4398572271326500070A6A /* PBXTargetDependency */ = {
			isa = PBXTargetDependency;
			target = 4E4398352271323700070A6A /* Cat Caller */;
			targetProxy = 4E4398562271326500070A6A /* PBXContainerItemProxy */;
		};
/* End PBXTargetDependency section */

/* Begin PBXVariantGroup section */
		4E43983D2271323700070A6A /* Main.storyboard */ = {
			isa = PBXVariantGroup;
			children = (
				4E43983E2271323700070A6A /* Base */,
			);
			name = Main.storyboard;
			sourceTree = "<group>";
		};
		4E4398422271326500070A6A /* LaunchScreen.storyboard */ = {
			isa = PBXVariantGroup;
			children = (
				4E4398432271326500070A6A /* Base */,
			);
			name = LaunchScreen.storyboard;
			sourceTree = "<group>";
		};
/* End PBXVariantGroup section */

/* Begin XCBuildConfiguration section */
		4E43985C2271326500070A6A /* Debug */ = {
			isa = XCBuildConfiguration;
			buildSettings = {
				ALWAYS_SEARCH_USER_PATHS = NO;
				CLANG_ANALYZER_NONNULL = YES;
				CLANG_ANALYZER_NUMBER_OBJECT_CONVERSION = YES_AGGRESSIVE;
				CLANG_CXX_LANGUAGE_STANDARD = "gnu++14";
				CLANG_CXX_LIBRARY = "libc++";
				CLANG_ENABLE_MODULES = YES;
				CLANG_ENABLE_OBJC_ARC = YES;
				CLANG_ENABLE_OBJC_WEAK = YES;
				CLANG_WARN_BLOCK_CAPTURE_AUTORELEASING = YES;
				CLANG_WARN_BOOL_CONVERSION = YES;
				CLANG_WARN_COMMA = YES;
				CLANG_WARN_CONSTANT_CONVERSION = YES;
				CLANG_WARN_DEPRECATED_OBJC_IMPLEMENTATIONS = YES;
				CLANG_WARN_DIRECT_OBJC_ISA_USAGE = YES_ERROR;
				CLANG_WARN_DOCUMENTATION_COMMENTS = YES;
				CLANG_WARN_EMPTY_BODY = YES;
				CLANG_WARN_ENUM_CONVERSION = YES;
				CLANG_WARN_INFINITE_RECURSION = YES;
				CLANG_WARN_INT_CONVERSION = YES;
				CLANG_WARN_NON_LITERAL_NULL_CONVERSION = YES;
				CLANG_WARN_OBJC_IMPLICIT_RETAIN_SELF = YES;
				CLANG_WARN_OBJC_LITERAL_CONVERSION = YES;
				CLANG_WARN_OBJC_ROOT_CLASS = YES_ERROR;
				CLANG_WARN_RANGE_LOOP_ANALYSIS = YES;
				CLANG_WARN_STRICT_PROTOTYPES = YES;
				CLANG_WARN_SUSPICIOUS_MOVE = YES;
				CLANG_WARN_UNGUARDED_AVAILABILITY = YES_AGGRESSIVE;
				CLANG_WARN_UNREACHABLE_CODE = YES;
				CLANG_WARN__DUPLICATE_METHOD_MATCH = YES;
				CODE_SIGN_IDENTITY = "iPhone Developer";
				COPY_PHASE_STRIP = NO;
				DEBUG_INFORMATION_FORMAT = dwarf;
				ENABLE_STRICT_OBJC_MSGSEND = YES;
				ENABLE_TESTABILITY = YES;
				GCC_C_LANGUAGE_STANDARD = gnu11;
				GCC_DYNAMIC_NO_PIC = NO;
				GCC_NO_COMMON_BLOCKS = YES;
				GCC_OPTIMIZATION_LEVEL = 0;
				GCC_PREPROCESSOR_DEFINITIONS = (
					"DEBUG=1",
					"$(inherited)",
				);
				GCC_WARN_64_TO_32_BIT_CONVERSION = YES;
				GCC_WARN_ABOUT_RETURN_TYPE = YES_ERROR;
				GCC_WARN_UNDECLARED_SELECTOR = YES;
				GCC_WARN_UNINITIALIZED_AUTOS = YES_AGGRESSIVE;
				GCC_WARN_UNUSED_FUNCTION = YES;
				GCC_WARN_UNUSED_VARIABLE = YES;
				IPHONEOS_DEPLOYMENT_TARGET = 12.0;
				MTL_ENABLE_DEBUG_INFO = INCLUDE_SOURCE;
				MTL_FAST_MATH = YES;
				ONLY_ACTIVE_ARCH = YES;
				SDKROOT = iphoneos;
				SWIFT_ACTIVE_COMPILATION_CONDITIONS = DEBUG;
				SWIFT_OPTIMIZATION_LEVEL = "-Onone";
			};
			name = Debug;
		};
		4E43985D2271326500070A6A /* Release */ = {
			isa = XCBuildConfiguration;
			buildSettings = {
				ALWAYS_SEARCH_USER_PATHS = NO;
				CLANG_ANALYZER_NONNULL = YES;
				CLANG_ANALYZER_NUMBER_OBJECT_CONVERSION = YES_AGGRESSIVE;
				CLANG_CXX_LANGUAGE_STANDARD = "gnu++14";
				CLANG_CXX_LIBRARY = "libc++";
				CLANG_ENABLE_MODULES = YES;
				CLANG_ENABLE_OBJC_ARC = YES;
				CLANG_ENABLE_OBJC_WEAK = YES;
				CLANG_WARN_BLOCK_CAPTURE_AUTORELEASING = YES;
				CLANG_WARN_BOOL_CONVERSION = YES;
				CLANG_WARN_COMMA = YES;
				CLANG_WARN_CONSTANT_CONVERSION = YES;
				CLANG_WARN_DEPRECATED_OBJC_IMPLEMENTATIONS = YES;
				CLANG_WARN_DIRECT_OBJC_ISA_USAGE = YES_ERROR;
				CLANG_WARN_DOCUMENTATION_COMMENTS = YES;
				CLANG_WARN_EMPTY_BODY = YES;
				CLANG_WARN_ENUM_CONVERSION = YES;
				CLANG_WARN_INFINITE_RECURSION = YES;
				CLANG_WARN_INT_CONVERSION = YES;
				CLANG_WARN_NON_LITERAL_NULL_CONVERSION = YES;
				CLANG_WARN_OBJC_IMPLICIT_RETAIN_SELF = YES;
				CLANG_WARN_OBJC_LITERAL_CONVERSION = YES;
				CLANG_WARN_OBJC_ROOT_CLASS = YES_ERROR;
				CLANG_WARN_RANGE_LOOP_ANALYSIS = YES;
				CLANG_WARN_STRICT_PROTOTYPES = YES;
				CLANG_WARN_SUSPICIOUS_MOVE = YES;
				CLANG_WARN_UNGUARDED_AVAILABILITY = YES_AGGRESSIVE;
				CLANG_WARN_UNREACHABLE_CODE = YES;
				CLANG_WARN__DUPLICATE_METHOD_MATCH = YES;
				CODE_SIGN_IDENTITY = "iPhone Developer";
				COPY_PHASE_STRIP = NO;
				DEBUG_INFORMATION_FORMAT = "dwarf-with-dsym";
				ENABLE_NS_ASSERTIONS = NO;
				ENABLE_STRICT_OBJC_MSGSEND = YES;
				GCC_C_LANGUAGE_STANDARD = gnu11;
				GCC_NO_COMMON_BLOCKS = YES;
				GCC_WARN_64_TO_32_BIT_CONVERSION = YES;
				GCC_WARN_ABOUT_RETURN_TYPE = YES_ERROR;
				GCC_WARN_UNDECLARED_SELECTOR = YES;
				GCC_WARN_UNINITIALIZED_AUTOS = YES_AGGRESSIVE;
				GCC_WARN_UNUSED_FUNCTION = YES;
				GCC_WARN_UNUSED_VARIABLE = YES;
				IPHONEOS_DEPLOYMENT_TARGET = 12.0;
				MTL_ENABLE_DEBUG_INFO = NO;
				MTL_FAST_MATH = YES;
				SDKROOT = iphoneos;
				SWIFT_COMPILATION_MODE = wholemodule;
				SWIFT_OPTIMIZATION_LEVEL = "-O";
				VALIDATE_PRODUCT = YES;
			};
			name = Release;
		};
		4E43985F2271326600070A6A /* Debug */ = {
			isa = XCBuildConfiguration;
			baseConfigurationReference = 7C66D3CC44C1A73A027275DB /* Pods-Cat Caller.debug.xcconfig */;
			buildSettings = {
				ASSETCATALOG_COMPILER_APPICON_NAME = AppIcon;
				CODE_SIGN_STYLE = Automatic;
				INFOPLIST_FILE = "Cat Caller/Info.plist";
				LD_RUNPATH_SEARCH_PATHS = (
					"$(inherited)",
					"@executable_path/Frameworks",
				);
				PRODUCT_BUNDLE_IDENTIFIER = "David-Rafanan.Cat-Caller";
				PRODUCT_NAME = "$(TARGET_NAME)";
				SWIFT_VERSION = 4.2;
				TARGETED_DEVICE_FAMILY = "1,2";
			};
			name = Debug;
		};
		4E4398602271326600070A6A /* Release */ = {
			isa = XCBuildConfiguration;
			baseConfigurationReference = 60DC7A24E7F15541878CD666 /* Pods-Cat Caller.release.xcconfig */;
			buildSettings = {
				ASSETCATALOG_COMPILER_APPICON_NAME = AppIcon;
				CODE_SIGN_STYLE = Automatic;
				INFOPLIST_FILE = "Cat Caller/Info.plist";
				LD_RUNPATH_SEARCH_PATHS = (
					"$(inherited)",
					"@executable_path/Frameworks",
				);
				PRODUCT_BUNDLE_IDENTIFIER = "David-Rafanan.Cat-Caller";
				PRODUCT_NAME = "$(TARGET_NAME)";
				SWIFT_VERSION = 4.2;
				TARGETED_DEVICE_FAMILY = "1,2";
			};
			name = Release;
		};
		4E4398622271326600070A6A /* Debug */ = {
			isa = XCBuildConfiguration;
			baseConfigurationReference = 5279364ACF42BF77F39F08D9 /* Pods-Cat CallerTests.debug.xcconfig */;
			buildSettings = {
				ALWAYS_EMBED_SWIFT_STANDARD_LIBRARIES = YES;
				BUNDLE_LOADER = "$(TEST_HOST)";
				CODE_SIGN_STYLE = Automatic;
				INFOPLIST_FILE = "Cat CallerTests/Info.plist";
				LD_RUNPATH_SEARCH_PATHS = (
					"$(inherited)",
					"@executable_path/Frameworks",
					"@loader_path/Frameworks",
				);
				PRODUCT_BUNDLE_IDENTIFIER = "David-Rafanan.Cat-CallerTests";
				PRODUCT_NAME = "$(TARGET_NAME)";
				SWIFT_VERSION = 4.2;
				TARGETED_DEVICE_FAMILY = "1,2";
				TEST_HOST = "$(BUILT_PRODUCTS_DIR)/Cat Caller.app/Cat Caller";
			};
			name = Debug;
		};
		4E4398632271326600070A6A /* Release */ = {
			isa = XCBuildConfiguration;
			baseConfigurationReference = DD75B69AB6D850AD6ABEAA03 /* Pods-Cat CallerTests.release.xcconfig */;
			buildSettings = {
				ALWAYS_EMBED_SWIFT_STANDARD_LIBRARIES = YES;
				BUNDLE_LOADER = "$(TEST_HOST)";
				CODE_SIGN_STYLE = Automatic;
				INFOPLIST_FILE = "Cat CallerTests/Info.plist";
				LD_RUNPATH_SEARCH_PATHS = (
					"$(inherited)",
					"@executable_path/Frameworks",
					"@loader_path/Frameworks",
				);
				PRODUCT_BUNDLE_IDENTIFIER = "David-Rafanan.Cat-CallerTests";
				PRODUCT_NAME = "$(TARGET_NAME)";
				SWIFT_VERSION = 4.2;
				TARGETED_DEVICE_FAMILY = "1,2";
				TEST_HOST = "$(BUILT_PRODUCTS_DIR)/Cat Caller.app/Cat Caller";
			};
			name = Release;
		};
		4E4398652271326600070A6A /* Debug */ = {
			isa = XCBuildConfiguration;
			baseConfigurationReference = 8A3FE4162121DAC64B7B3B8E /* Pods-Cat CallerUITests.debug.xcconfig */;
			buildSettings = {
				ALWAYS_EMBED_SWIFT_STANDARD_LIBRARIES = YES;
				CODE_SIGN_STYLE = Automatic;
				INFOPLIST_FILE = "Cat CallerUITests/Info.plist";
				LD_RUNPATH_SEARCH_PATHS = (
					"$(inherited)",
					"@executable_path/Frameworks",
					"@loader_path/Frameworks",
				);
				PRODUCT_BUNDLE_IDENTIFIER = "David-Rafanan.Cat-CallerUITests";
				PRODUCT_NAME = "$(TARGET_NAME)";
				SWIFT_VERSION = 4.2;
				TARGETED_DEVICE_FAMILY = "1,2";
				TEST_TARGET_NAME = "Cat Caller";
			};
			name = Debug;
		};
		4E4398662271326600070A6A /* Release */ = {
			isa = XCBuildConfiguration;
			baseConfigurationReference = A619A0920253369143EC2CBD /* Pods-Cat CallerUITests.release.xcconfig */;
			buildSettings = {
				ALWAYS_EMBED_SWIFT_STANDARD_LIBRARIES = YES;
				CODE_SIGN_STYLE = Automatic;
				INFOPLIST_FILE = "Cat CallerUITests/Info.plist";
				LD_RUNPATH_SEARCH_PATHS = (
					"$(inherited)",
					"@executable_path/Frameworks",
					"@loader_path/Frameworks",
				);
				PRODUCT_BUNDLE_IDENTIFIER = "David-Rafanan.Cat-CallerUITests";
				PRODUCT_NAME = "$(TARGET_NAME)";
				SWIFT_VERSION = 4.2;
				TARGETED_DEVICE_FAMILY = "1,2";
				TEST_TARGET_NAME = "Cat Caller";
			};
			name = Release;
		};
/* End XCBuildConfiguration section */

/* Begin XCConfigurationList section */
		4E4398312271323700070A6A /* Build configuration list for PBXProject "Cat Caller" */ = {
			isa = XCConfigurationList;
			buildConfigurations = (
				4E43985C2271326500070A6A /* Debug */,
				4E43985D2271326500070A6A /* Release */,
			);
			defaultConfigurationIsVisible = 0;
			defaultConfigurationName = Release;
		};
		4E43985E2271326600070A6A /* Build configuration list for PBXNativeTarget "Cat Caller" */ = {
			isa = XCConfigurationList;
			buildConfigurations = (
				4E43985F2271326600070A6A /* Debug */,
				4E4398602271326600070A6A /* Release */,
			);
			defaultConfigurationIsVisible = 0;
			defaultConfigurationName = Release;
		};
		4E4398612271326600070A6A /* Build configuration list for PBXNativeTarget "Cat CallerTests" */ = {
			isa = XCConfigurationList;
			buildConfigurations = (
				4E4398622271326600070A6A /* Debug */,
				4E4398632271326600070A6A /* Release */,
			);
			defaultConfigurationIsVisible = 0;
			defaultConfigurationName = Release;
		};
		4E4398642271326600070A6A /* Build configuration list for PBXNativeTarget "Cat CallerUITests" */ = {
			isa = XCConfigurationList;
			buildConfigurations = (
				4E4398652271326600070A6A /* Debug */,
				4E4398662271326600070A6A /* Release */,
			);
			defaultConfigurationIsVisible = 0;
			defaultConfigurationName = Release;
		};
/* End XCConfigurationList section */
	};
	rootObject = 4E43982E2271323700070A6A /* Project object */;
}
